
Microsoft Visual Studio Solution File, Format Version 12.00
# Visual Studio 14
VisualStudioVersion = 14.0.25420.1
MinimumVisualStudioVersion = 10.0.40219.1
Project("{FAE04EC0-301F-11D3-BF4B-00C04F79EFBC}") = "Book_Shoppe.DAL", "Book_Shoppe.DAL\Book_Shoppe.DAL.csproj", "{0ADCCA8D-CD30-46D0-BAD3-83882ED10FB1}"
EndProject
Project("{FAE04EC0-301F-11D3-BF4B-00C04F79EFBC}") = "Book_Shoppe.Entity", "Book_Shoppe.Entity\Book_Shoppe.Entity.csproj", "{6809B8DC-E870-4AD5-8D96-66D1AD803911}"
EndProject
Project("{FAE04EC0-301F-11D3-BF4B-00C04F79EFBC}") = "Book_Shoppe", "Book_Shoppe\Book_Shoppe.csproj", "{C9F12E69-828E-43A5-ACE0-2175A6B55627}"
EndProject
Project("{FAE04EC0-301F-11D3-BF4B-00C04F79EFBC}") = "Book_Shoppe.BL", "Book_Shoppe.BL\Book_Shoppe.BL.csproj", "{AF0DCBCC-92AD-46EB-8EEE-F92A76A33688}"
EndProject
Global
	GlobalSection(SolutionConfigurationPlatforms) = preSolution
		Debug|Any CPU = Debug|Any CPU
		Release|Any CPU = Release|Any CPU
	EndGlobalSection
	GlobalSection(ProjectConfigurationPlatforms) = postSolution
		{0ADCCA8D-CD30-46D0-BAD3-83882ED10FB1}.Debug|Any CPU.ActiveCfg = Debug|Any CPU
		{0ADCCA8D-CD30-46D0-BAD3-83882ED10FB1}.Debug|Any CPU.Build.0 = Debug|Any CPU
		{0ADCCA8D-CD30-46D0-BAD3-83882ED10FB1}.Release|Any CPU.ActiveCfg = Release|Any CPU
		{0ADCCA8D-CD30-46D0-BAD3-83882ED10FB1}.Release|Any CPU.Build.0 = Release|Any CPU
		{6809B8DC-E870-4AD5-8D96-66D1AD803911}.Debug|Any CPU.ActiveCfg = Debug|Any CPU
		{6809B8DC-E870-4AD5-8D96-66D1AD803911}.Debug|Any CPU.Build.0 = Debug|Any CPU
		{6809B8DC-E870-4AD5-8D96-66D1AD803911}.Release|Any CPU.ActiveCfg = Release|Any CPU
		{6809B8DC-E870-4AD5-8D96-66D1AD803911}.Release|Any CPU.Build.0 = Release|Any CPU
		{C9F12E69-828E-43A5-ACE0-2175A6B55627}.Debug|Any CPU.ActiveCfg = Debug|Any CPU
		{C9F12E69-828E-43A5-ACE0-2175A6B55627}.Debug|Any CPU.Build.0 = Debug|Any CPU
		{C9F12E69-828E-43A5-ACE0-2175A6B55627}.Release|Any CPU.ActiveCfg = Release|Any CPU
		{C9F12E69-828E-43A5-ACE0-2175A6B55627}.Release|Any CPU.Build.0 = Release|Any CPU
		{AF0DCBCC-92AD-46EB-8EEE-F92A76A33688}.Debug|Any CPU.ActiveCfg = Debug|Any CPU
		{AF0DCBCC-92AD-46EB-8EEE-F92A76A33688}.Debug|Any CPU.Build.0 = Debug|Any CPU
		{AF0DCBCC-92AD-46EB-8EEE-F92A76A33688}.Release|Any CPU.ActiveCfg = Release|Any CPU
		{AF0DCBCC-92AD-46EB-8EEE-F92A76A33688}.Release|Any CPU.Build.0 = Release|Any CPU
	EndGlobalSection
	GlobalSection(SolutionProperties) = preSolution
		HideSolutionNode = FALSE
	EndGlobalSection
EndGlobal
